// !$*UTF8*$!
{
	archiveVersion = 1;
	classes = {
	};
	objectVersion = 77;
	objects = {

/* Begin PBXBuildFile section */
		B00000000000000000000101 /* BatteryGlassApp.swift in Sources */ = {isa = PBXBuildFile; fileRef = C00000000000000000000101 /* BatteryGlassApp.swift */; };
		B00000000000000000000102 /* BatteryController.swift in Sources */ = {isa = PBXBuildFile; fileRef = C00000000000000000000102 /* BatteryController.swift */; };
		B00000000000000000000103 /* MenuBarContentView.swift in Sources */ = {isa = PBXBuildFile; fileRef = C00000000000000000000103 /* MenuBarContentView.swift */; };
		B00000000000000000000104 /* SettingsView.swift in Sources */ = {isa = PBXBuildFile; fileRef = C00000000000000000000104 /* SettingsView.swift */; };
		B00000000000000000000105 /* BatteryVisualStyle.swift in Sources */ = {isa = PBXBuildFile; fileRef = C00000000000000000000105 /* BatteryVisualStyle.swift */; };
		B00000000000000000000160 /* Assets.xcassets in Resources */ = {isa = PBXBuildFile; fileRef = C00000000000000000000160 /* Assets.xcassets */; };
		B00000000000000000000201 /* BatterySnapshot.swift in Sources */ = {isa = PBXBuildFile; fileRef = C00000000000000000000201 /* BatterySnapshot.swift */; };
		B00000000000000000000202 /* SharedSnapshotStore.swift in Sources */ = {isa = PBXBuildFile; fileRef = C00000000000000000000202 /* SharedSnapshotStore.swift */; };
		B00000000000000000000203 /* PluginLocalization.swift in Sources */ = {isa = PBXBuildFile; fileRef = C00000000000000000000203 /* PluginLocalization.swift */; };
		B00000000000000000000204 /* DeviceBatteryModels.swift in Sources */ = {isa = PBXBuildFile; fileRef = C00000000000000000000204 /* DeviceBatteryModels.swift */; };
		B00000000000000000000205 /* DeviceBatteryCommandRunner.swift in Sources */ = {isa = PBXBuildFile; fileRef = C00000000000000000000205 /* DeviceBatteryCommandRunner.swift */; };
		B00000000000000000000206 /* DeviceBatterySampler.swift in Sources */ = {isa = PBXBuildFile; fileRef = C00000000000000000000206 /* DeviceBatterySampler.swift */; };
		B00000000000000000000207 /* DeviceBatteryMobileDeviceReader.swift in Sources */ = {isa = PBXBuildFile; fileRef = C00000000000000000000207 /* DeviceBatteryMobileDeviceReader.swift */; };
		B00000000000000000000301 /* BatteryGlassWidgets.swift in Sources */ = {isa = PBXBuildFile; fileRef = C00000000000000000000301 /* BatteryGlassWidgets.swift */; };
		B00000000000000000000302 /* BatteryGlassWidget.swift in Sources */ = {isa = PBXBuildFile; fileRef = C00000000000000000000302 /* BatteryGlassWidget.swift */; };
		B00000000000000000000321 /* BatterySnapshot.swift in Sources */ = {isa = PBXBuildFile; fileRef = C00000000000000000000201 /* BatterySnapshot.swift */; };
		B00000000000000000000322 /* SharedSnapshotStore.swift in Sources */ = {isa = PBXBuildFile; fileRef = C00000000000000000000202 /* SharedSnapshotStore.swift */; };
		B00000000000000000000401 /* BatterySnapshotTests.swift in Sources */ = {isa = PBXBuildFile; fileRef = C00000000000000000000401 /* BatterySnapshotTests.swift */; };
		B00000000000000000000402 /* DeviceBatterySamplerTests.swift in Sources */ = {isa = PBXBuildFile; fileRef = C00000000000000000000402 /* DeviceBatterySamplerTests.swift */; };
		B00000000000000000000901 /* BatteryGlassWidget.appex in Embed App Extensions */ = {isa = PBXBuildFile; fileRef = C00000000000000000000902 /* BatteryGlassWidget.appex */; settings = {ATTRIBUTES = (RemoveHeadersOnCopy, CodeSignOnCopy, ); }; };
/* End PBXBuildFile section */

/* Begin PBXContainerItemProxy section */
		J00000000000000000000001 /* PBXContainerItemProxy */ = {
			isa = PBXContainerItemProxy;
			containerPortal = A00000000000000000000001 /* Project object */;
			proxyType = 1;
			remoteGlobalIDString = F00000000000000000000200;
			remoteInfo = BatteryGlassWidget;
		};
		J00000000000000000000002 /* PBXContainerItemProxy */ = {
			isa = PBXContainerItemProxy;
			containerPortal = A00000000000000000000001 /* Project object */;
			proxyType = 1;
			remoteGlobalIDString = F00000000000000000000100;
			remoteInfo = BatteryGlass;
		};
/* End PBXContainerItemProxy section */

/* Begin PBXCopyFilesBuildPhase section */
		E00000000000000000000104 /* Embed App Extensions */ = {
			isa = PBXCopyFilesBuildPhase;
			buildActionMask = 2147483647;
			dstPath = "";
			dstSubfolderSpec = 13;
			files = (
				B00000000000000000000901 /* BatteryGlassWidget.appex in Embed App Extensions */,
			);
			name = "Embed App Extensions";
			runOnlyForDeploymentPostprocessing = 0;
		};
/* End PBXCopyFilesBuildPhase section */

/* Begin PBXFileReference section */
		C00000000000000000000101 /* BatteryGlassApp.swift */ = {isa = PBXFileReference; lastKnownFileType = sourcecode.swift; path = BatteryGlassApp.swift; sourceTree = "<group>"; };
		C00000000000000000000102 /* BatteryController.swift */ = {isa = PBXFileReference; lastKnownFileType = sourcecode.swift; path = BatteryController.swift; sourceTree = "<group>"; };
		C00000000000000000000103 /* MenuBarContentView.swift */ = {isa = PBXFileReference; lastKnownFileType = sourcecode.swift; path = MenuBarContentView.swift; sourceTree = "<group>"; };
		C00000000000000000000104 /* SettingsView.swift */ = {isa = PBXFileReference; lastKnownFileType = sourcecode.swift; path = SettingsView.swift; sourceTree = "<group>"; };
		C00000000000000000000105 /* BatteryVisualStyle.swift */ = {isa = PBXFileReference; lastKnownFileType = sourcecode.swift; path = BatteryVisualStyle.swift; sourceTree = "<group>"; };
		C00000000000000000000160 /* Assets.xcassets */ = {isa = PBXFileReference; lastKnownFileType = folder.assetcatalog; path = Assets.xcassets; sourceTree = "<group>"; };
		C00000000000000000000151 /* Info.plist */ = {isa = PBXFileReference; lastKnownFileType = text.plist.xml; path = Info.plist; sourceTree = "<group>"; };
		C00000000000000000000152 /* BatteryGlass.entitlements */ = {isa = PBXFileReference; lastKnownFileType = text.plist.entitlements; path = BatteryGlass.entitlements; sourceTree = "<group>"; };
		C00000000000000000000201 /* BatterySnapshot.swift */ = {isa = PBXFileReference; lastKnownFileType = sourcecode.swift; path = BatterySnapshot.swift; sourceTree = "<group>"; };
		C00000000000000000000202 /* SharedSnapshotStore.swift */ = {isa = PBXFileReference; lastKnownFileType = sourcecode.swift; path = SharedSnapshotStore.swift; sourceTree = "<group>"; };
		C00000000000000000000203 /* PluginLocalization.swift */ = {isa = PBXFileReference; lastKnownFileType = sourcecode.swift; path = PluginLocalization.swift; sourceTree = "<group>"; };
		C00000000000000000000204 /* DeviceBatteryModels.swift */ = {isa = PBXFileReference; lastKnownFileType = sourcecode.swift; path = DeviceBatteryModels.swift; sourceTree = "<group>"; };
		C00000000000000000000205 /* DeviceBatteryCommandRunner.swift */ = {isa = PBXFileReference; lastKnownFileType = sourcecode.swift; path = DeviceBatteryCommandRunner.swift; sourceTree = "<group>"; };
		C00000000000000000000206 /* DeviceBatterySampler.swift */ = {isa = PBXFileReference; lastKnownFileType = sourcecode.swift; path = DeviceBatterySampler.swift; sourceTree = "<group>"; };
		C00000000000000000000207 /* DeviceBatteryMobileDeviceReader.swift */ = {isa = PBXFileReference; lastKnownFileType = sourcecode.swift; path = DeviceBatteryMobileDeviceReader.swift; sourceTree = "<group>"; };
		C00000000000000000000301 /* BatteryGlassWidgets.swift */ = {isa = PBXFileReference; lastKnownFileType = sourcecode.swift; path = BatteryGlassWidgets.swift; sourceTree = "<group>"; };
		C00000000000000000000302 /* BatteryGlassWidget.swift */ = {isa = PBXFileReference; lastKnownFileType = sourcecode.swift; path = BatteryGlassWidget.swift; sourceTree = "<group>"; };
		C00000000000000000000351 /* Info.plist */ = {isa = PBXFileReference; lastKnownFileType = text.plist.xml; path = Info.plist; sourceTree = "<group>"; };
		C00000000000000000000352 /* BatteryGlassWidget.entitlements */ = {isa = PBXFileReference; lastKnownFileType = text.plist.entitlements; path = BatteryGlassWidget.entitlements; sourceTree = "<group>"; };
		C00000000000000000000401 /* BatterySnapshotTests.swift */ = {isa = PBXFileReference; lastKnownFileType = sourcecode.swift; path = BatterySnapshotTests.swift; sourceTree = "<group>"; };
		C00000000000000000000402 /* DeviceBatterySamplerTests.swift */ = {isa = PBXFileReference; lastKnownFileType = sourcecode.swift; path = DeviceBatterySamplerTests.swift; sourceTree = "<group>"; };
		C00000000000000000000501 /* README.md */ = {isa = PBXFileReference; lastKnownFileType = net.daringfireball.markdown; path = README.md; sourceTree = "<group>"; };
		C00000000000000000000502 /* NOTICE.md */ = {isa = PBXFileReference; lastKnownFileType = net.daringfireball.markdown; path = NOTICE.md; sourceTree = "<group>"; };
		C00000000000000000000503 /* MacTools-LICENSE */ = {isa = PBXFileReference; lastKnownFileType = text; path = "MacTools-LICENSE"; sourceTree = "<group>"; };
		C00000000000000000000901 /* BatteryGlass.app */ = {isa = PBXFileReference; explicitFileType = wrapper.application; includeInIndex = 0; path = BatteryGlass.app; sourceTree = BUILT_PRODUCTS_DIR; };
		C00000000000000000000902 /* BatteryGlassWidget.appex */ = {isa = PBXFileReference; explicitFileType = "wrapper.app-extension"; includeInIndex = 0; path = BatteryGlassWidget.appex; sourceTree = BUILT_PRODUCTS_DIR; };
		C00000000000000000000903 /* BatteryGlassTests.xctest */ = {isa = PBXFileReference; explicitFileType = wrapper.cfbundle; includeInIndex = 0; path = BatteryGlassTests.xctest; sourceTree = BUILT_PRODUCTS_DIR; };
/* End PBXFileReference section */

/* Begin PBXFrameworksBuildPhase section */
		E00000000000000000000102 /* Frameworks */ = {isa = PBXFrameworksBuildPhase; buildActionMask = 2147483647; files = (); runOnlyForDeploymentPostprocessing = 0; };
		E00000000000000000000202 /* Frameworks */ = {isa = PBXFrameworksBuildPhase; buildActionMask = 2147483647; files = (); runOnlyForDeploymentPostprocessing = 0; };
		E00000000000000000000302 /* Frameworks */ = {isa = PBXFrameworksBuildPhase; buildActionMask = 2147483647; files = (); runOnlyForDeploymentPostprocessing = 0; };
/* End PBXFrameworksBuildPhase section */

/* Begin PBXGroup section */
		D00000000000000000000000 = {
			isa = PBXGroup;
			children = (
				D00000000000000000000100 /* App */,
				D00000000000000000000200 /* Shared */,
				D00000000000000000000300 /* Widget */,
				D00000000000000000000400 /* Tests */,
				D00000000000000000000500 /* ThirdParty */,
				C00000000000000000000501 /* README.md */,
				D00000000000000000000900 /* Products */,
			);
			sourceTree = "<group>";
		};
		D00000000000000000000100 /* App */ = {
			isa = PBXGroup;
			children = (
				C00000000000000000000101 /* BatteryGlassApp.swift */,
				C00000000000000000000102 /* BatteryController.swift */,
				C00000000000000000000103 /* MenuBarContentView.swift */,
				C00000000000000000000104 /* SettingsView.swift */,
				C00000000000000000000105 /* BatteryVisualStyle.swift */,
				C00000000000000000000160 /* Assets.xcassets */,
				C00000000000000000000151 /* Info.plist */,
				C00000000000000000000152 /* BatteryGlass.entitlements */,
			);
			path = App;
			sourceTree = "<group>";
		};
		D00000000000000000000200 /* Shared */ = {
			isa = PBXGroup;
			children = (
				C00000000000000000000201 /* BatterySnapshot.swift */,
				C00000000000000000000202 /* SharedSnapshotStore.swift */,
				C00000000000000000000203 /* PluginLocalization.swift */,
				C00000000000000000000204 /* DeviceBatteryModels.swift */,
				C00000000000000000000205 /* DeviceBatteryCommandRunner.swift */,
				C00000000000000000000206 /* DeviceBatterySampler.swift */,
				C00000000000000000000207 /* DeviceBatteryMobileDeviceReader.swift */,
			);
			path = Shared;
			sourceTree = "<group>";
		};
		D00000000000000000000300 /* Widget */ = {
			isa = PBXGroup;
			children = (
				C00000000000000000000301 /* BatteryGlassWidgets.swift */,
				C00000000000000000000302 /* BatteryGlassWidget.swift */,
				C00000000000000000000351 /* Info.plist */,
				C00000000000000000000352 /* BatteryGlassWidget.entitlements */,
			);
			path = Widget;
			sourceTree = "<group>";
		};
		D00000000000000000000400 /* Tests */ = {
			isa = PBXGroup;
			children = (C00000000000000000000401 /* BatterySnapshotTests.swift */, C00000000000000000000402 /* DeviceBatterySamplerTests.swift */, );
			path = Tests;
			sourceTree = "<group>";
		};
		D00000000000000000000500 /* ThirdParty */ = {
			isa = PBXGroup;
			children = (C00000000000000000000502 /* NOTICE.md */, C00000000000000000000503 /* MacTools-LICENSE */, );
			path = ThirdParty;
			sourceTree = "<group>";
		};
		D00000000000000000000900 /* Products */ = {
			isa = PBXGroup;
			children = (C00000000000000000000901 /* BatteryGlass.app */, C00000000000000000000902 /* BatteryGlassWidget.appex */, C00000000000000000000903 /* BatteryGlassTests.xctest */, );
			name = Products;
			sourceTree = "<group>";
		};
/* End PBXGroup section */

/* Begin PBXNativeTarget section */
		F00000000000000000000100 /* BatteryGlass */ = {
			isa = PBXNativeTarget;
			buildConfigurationList = H00000000000000000000100 /* Build configuration list for PBXNativeTarget "BatteryGlass" */;
			buildPhases = (E00000000000000000000101 /* Sources */, E00000000000000000000102 /* Frameworks */, E00000000000000000000103 /* Resources */, E00000000000000000000104 /* Embed App Extensions */, );
			buildRules = ();
			dependencies = (I00000000000000000000001 /* PBXTargetDependency */, );
			name = BatteryGlass;
			productName = BatteryGlass;
			productReference = C00000000000000000000901 /* BatteryGlass.app */;
			productType = "com.apple.product-type.application";
		};
		F00000000000000000000200 /* BatteryGlassWidget */ = {
			isa = PBXNativeTarget;
			buildConfigurationList = H00000000000000000000200 /* Build configuration list for PBXNativeTarget "BatteryGlassWidget" */;
			buildPhases = (E00000000000000000000201 /* Sources */, E00000000000000000000202 /* Frameworks */, E00000000000000000000203 /* Resources */, );
			buildRules = ();
			dependencies = ();
			name = BatteryGlassWidget;
			productName = BatteryGlassWidget;
			productReference = C00000000000000000000902 /* BatteryGlassWidget.appex */;
			productType = "com.apple.product-type.app-extension";
		};
		F00000000000000000000300 /* BatteryGlassTests */ = {
			isa = PBXNativeTarget;
			buildConfigurationList = H00000000000000000000300 /* Build configuration list for PBXNativeTarget "BatteryGlassTests" */;
			buildPhases = (E00000000000000000000301 /* Sources */, E00000000000000000000302 /* Frameworks */, E00000000000000000000303 /* Resources */, );
			buildRules = ();
			dependencies = (I00000000000000000000002 /* PBXTargetDependency */, );
			name = BatteryGlassTests;
			productName = BatteryGlassTests;
			productReference = C00000000000000000000903 /* BatteryGlassTests.xctest */;
			productType = "com.apple.product-type.bundle.unit-test";
		};
/* End PBXNativeTarget section */

/* Begin PBXProject section */
		A00000000000000000000001 /* Project object */ = {
			isa = PBXProject;
			attributes = {
				BuildIndependentTargetsInParallel = 1;
				LastSwiftUpdateCheck = 2660;
				LastUpgradeCheck = 2660;
				TargetAttributes = {
					F00000000000000000000100 = {CreatedOnToolsVersion = 26.6; };
					F00000000000000000000200 = {CreatedOnToolsVersion = 26.6; };
					F00000000000000000000300 = {CreatedOnToolsVersion = 26.6; TestTargetID = F00000000000000000000100; };
				};
			};
			buildConfigurationList = H00000000000000000000001 /* Build configuration list for PBXProject "BatteryGlass" */;
			compatibilityVersion = "Xcode 16.0";
			developmentRegion = zh_CN;
			hasScannedForEncodings = 0;
			knownRegions = (Base, zh_CN, en, );
			mainGroup = D00000000000000000000000;
			productRefGroup = D00000000000000000000900 /* Products */;
			projectDirPath = "";
			projectRoot = "";
			targets = (F00000000000000000000100 /* BatteryGlass */, F00000000000000000000200 /* BatteryGlassWidget */, F00000000000000000000300 /* BatteryGlassTests */, );
		};
/* End PBXProject section */

/* Begin PBXResourcesBuildPhase section */
		E00000000000000000000103 /* Resources */ = {isa = PBXResourcesBuildPhase; buildActionMask = 2147483647; files = (B00000000000000000000160 /* Assets.xcassets in Resources */, ); runOnlyForDeploymentPostprocessing = 0; };
		E00000000000000000000203 /* Resources */ = {isa = PBXResourcesBuildPhase; buildActionMask = 2147483647; files = (); runOnlyForDeploymentPostprocessing = 0; };
		E00000000000000000000303 /* Resources */ = {isa = PBXResourcesBuildPhase; buildActionMask = 2147483647; files = (); runOnlyForDeploymentPostprocessing = 0; };
/* End PBXResourcesBuildPhase section */

/* Begin PBXSourcesBuildPhase section */
		E00000000000000000000101 /* Sources */ = {
			isa = PBXSourcesBuildPhase;
			buildActionMask = 2147483647;
			files = (
				B00000000000000000000101 /* BatteryGlassApp.swift in Sources */,
				B00000000000000000000102 /* BatteryController.swift in Sources */,
				B00000000000000000000103 /* MenuBarContentView.swift in Sources */,
				B00000000000000000000104 /* SettingsView.swift in Sources */,
				B00000000000000000000105 /* BatteryVisualStyle.swift in Sources */,
				B00000000000000000000201 /* BatterySnapshot.swift in Sources */,
				B00000000000000000000202 /* SharedSnapshotStore.swift in Sources */,
				B00000000000000000000203 /* PluginLocalization.swift in Sources */,
				B00000000000000000000204 /* DeviceBatteryModels.swift in Sources */,
				B00000000000000000000205 /* DeviceBatteryCommandRunner.swift in Sources */,
				B00000000000000000000206 /* DeviceBatterySampler.swift in Sources */,
				B00000000000000000000207 /* DeviceBatteryMobileDeviceReader.swift in Sources */,
			);
			runOnlyForDeploymentPostprocessing = 0;
		};
		E00000000000000000000201 /* Sources */ = {
			isa = PBXSourcesBuildPhase;
			buildActionMask = 2147483647;
			files = (B00000000000000000000301 /* BatteryGlassWidgets.swift in Sources */, B00000000000000000000302 /* BatteryGlassWidget.swift in Sources */, B00000000000000000000321 /* BatterySnapshot.swift in Sources */, B00000000000000000000322 /* SharedSnapshotStore.swift in Sources */, );
			runOnlyForDeploymentPostprocessing = 0;
		};
		E00000000000000000000301 /* Sources */ = {isa = PBXSourcesBuildPhase; buildActionMask = 2147483647; files = (B00000000000000000000401 /* BatterySnapshotTests.swift in Sources */, B00000000000000000000402 /* DeviceBatterySamplerTests.swift in Sources */, ); runOnlyForDeploymentPostprocessing = 0; };
/* End PBXSourcesBuildPhase section */

/* Begin PBXTargetDependency section */
		I00000000000000000000001 /* PBXTargetDependency */ = {isa = PBXTargetDependency; target = F00000000000000000000200 /* BatteryGlassWidget */; targetProxy = J00000000000000000000001 /* PBXContainerItemProxy */; };
		I00000000000000000000002 /* PBXTargetDependency */ = {isa = PBXTargetDependency; target = F00000000000000000000100 /* BatteryGlass */; targetProxy = J00000000000000000000002 /* PBXContainerItemProxy */; };
/* End PBXTargetDependency section */

/* Begin XCBuildConfiguration section */
		G00000000000000000000001 /* Debug */ = {
			isa = XCBuildConfiguration;
			buildSettings = {
				ALWAYS_SEARCH_USER_PATHS = NO;
				CLANG_ENABLE_MODULES = YES;
				CLANG_ENABLE_OBJC_ARC = YES;
				COPY_PHASE_STRIP = NO;
				DEBUG_INFORMATION_FORMAT = dwarf;
				ENABLE_TESTABILITY = YES;
				ENABLE_USER_SCRIPT_SANDBOXING = YES;
				GCC_C_LANGUAGE_STANDARD = gnu17;
				MACOSX_DEPLOYMENT_TARGET = 26.0;
				ONLY_ACTIVE_ARCH = YES;
				SDKROOT = macosx;
				SWIFT_ACTIVE_COMPILATION_CONDITIONS = "DEBUG $(inherited)";
				SWIFT_OPTIMIZATION_LEVEL = "-Onone";
				SWIFT_VERSION = 6.0;
			};
			name = Debug;
		};
		G00000000000000000000002 /* Release */ = {
			isa = XCBuildConfiguration;
			buildSettings = {
				ALWAYS_SEARCH_USER_PATHS = NO;
				CLANG_ENABLE_MODULES = YES;
				CLANG_ENABLE_OBJC_ARC = YES;
				COPY_PHASE_STRIP = NO;
				DEBUG_INFORMATION_FORMAT = "dwarf-with-dsym";
				ENABLE_NS_ASSERTIONS = NO;
				ENABLE_USER_SCRIPT_SANDBOXING = YES;
				GCC_C_LANGUAGE_STANDARD = gnu17;
				MACOSX_DEPLOYMENT_TARGET = 26.0;
				SDKROOT = macosx;
				SWIFT_COMPILATION_MODE = wholemodule;
				SWIFT_OPTIMIZATION_LEVEL = "-O";
				SWIFT_VERSION = 6.0;
			};
			name = Release;
		};
		G00000000000000000000101 /* Debug */ = {
			isa = XCBuildConfiguration;
			buildSettings = {
				ASSETCATALOG_COMPILER_APPICON_NAME = AppIcon;
				CODE_SIGN_ENTITLEMENTS = App/BatteryGlass.entitlements;
				CODE_SIGN_STYLE = Automatic;
				COMBINE_HIDPI_IMAGES = YES;
				CURRENT_PROJECT_VERSION = 1;
				ENABLE_APP_SANDBOX = NO;
				GENERATE_INFOPLIST_FILE = NO;
				INFOPLIST_FILE = App/Info.plist;
				LD_RUNPATH_SEARCH_PATHS = "$(inherited) @executable_path/../Frameworks";
				MARKETING_VERSION = 0.1.0;
				OTHER_LDFLAGS = "$(inherited) -framework IOKit -framework IOBluetooth -framework CoreBluetooth";
				PRODUCT_BUNDLE_IDENTIFIER = com.liuliming.BatteryGlass;
				PRODUCT_NAME = "$(TARGET_NAME)";
				SWIFT_EMIT_LOC_STRINGS = YES;
				SWIFT_STRICT_CONCURRENCY = complete;
			};
			name = Debug;
		};
		G00000000000000000000102 /* Release */ = {
			isa = XCBuildConfiguration;
			buildSettings = {
				ASSETCATALOG_COMPILER_APPICON_NAME = AppIcon;
				CODE_SIGN_ENTITLEMENTS = App/BatteryGlass.entitlements;
				CODE_SIGN_STYLE = Automatic;
				COMBINE_HIDPI_IMAGES = YES;
				CURRENT_PROJECT_VERSION = 1;
				ENABLE_APP_SANDBOX = NO;
				GENERATE_INFOPLIST_FILE = NO;
				INFOPLIST_FILE = App/Info.plist;
				LD_RUNPATH_SEARCH_PATHS = "$(inherited) @executable_path/../Frameworks";
				MARKETING_VERSION = 0.1.0;
				OTHER_LDFLAGS = "$(inherited) -framework IOKit -framework IOBluetooth -framework CoreBluetooth";
				PRODUCT_BUNDLE_IDENTIFIER = com.liuliming.BatteryGlass;
				PRODUCT_NAME = "$(TARGET_NAME)";
				SWIFT_EMIT_LOC_STRINGS = YES;
				SWIFT_STRICT_CONCURRENCY = complete;
			};
			name = Release;
		};
		G00000000000000000000201 /* Debug */ = {
			isa = XCBuildConfiguration;
			buildSettings = {
				APPLICATION_EXTENSION_API_ONLY = YES;
				CODE_SIGN_ENTITLEMENTS = Widget/BatteryGlassWidget.entitlements;
				CODE_SIGN_STYLE = Automatic;
				CURRENT_PROJECT_VERSION = 1;
				ENABLE_APP_SANDBOX = YES;
				GENERATE_INFOPLIST_FILE = NO;
				INFOPLIST_FILE = Widget/Info.plist;
				LD_RUNPATH_SEARCH_PATHS = "$(inherited) @executable_path/../Frameworks @executable_path/../../../../Frameworks";
				MARKETING_VERSION = 0.1.0;
				PRODUCT_BUNDLE_IDENTIFIER = com.liuliming.BatteryGlass.Widget;
				PRODUCT_NAME = "$(TARGET_NAME)";
				SKIP_INSTALL = YES;
				SWIFT_EMIT_LOC_STRINGS = YES;
				SWIFT_STRICT_CONCURRENCY = complete;
			};
			name = Debug;
		};
		G00000000000000000000202 /* Release */ = {
			isa = XCBuildConfiguration;
			buildSettings = {
				APPLICATION_EXTENSION_API_ONLY = YES;
				CODE_SIGN_ENTITLEMENTS = Widget/BatteryGlassWidget.entitlements;
				CODE_SIGN_STYLE = Automatic;
				CURRENT_PROJECT_VERSION = 1;
				ENABLE_APP_SANDBOX = YES;
				GENERATE_INFOPLIST_FILE = NO;
				INFOPLIST_FILE = Widget/Info.plist;
				LD_RUNPATH_SEARCH_PATHS = "$(inherited) @executable_path/../Frameworks @executable_path/../../../../Frameworks";
				MARKETING_VERSION = 0.1.0;
				PRODUCT_BUNDLE_IDENTIFIER = com.liuliming.BatteryGlass.Widget;
				PRODUCT_NAME = "$(TARGET_NAME)";
				SKIP_INSTALL = YES;
				SWIFT_EMIT_LOC_STRINGS = YES;
				SWIFT_STRICT_CONCURRENCY = complete;
			};
			name = Release;
		};
		G00000000000000000000301 /* Debug */ = {
			isa = XCBuildConfiguration;
			buildSettings = {
				BUNDLE_LOADER = "$(TEST_HOST)";
				CODE_SIGN_STYLE = Automatic;
				CURRENT_PROJECT_VERSION = 1;
				GENERATE_INFOPLIST_FILE = YES;
				MARKETING_VERSION = 0.1.0;
				PRODUCT_BUNDLE_IDENTIFIER = com.liuliming.BatteryGlassTests;
				PRODUCT_NAME = "$(TARGET_NAME)";
				SWIFT_STRICT_CONCURRENCY = complete;
				TEST_HOST = "$(BUILT_PRODUCTS_DIR)/BatteryGlass.app/Contents/MacOS/BatteryGlass";
			};
			name = Debug;
		};
		G00000000000000000000302 /* Release */ = {
			isa = XCBuildConfiguration;
			buildSettings = {
				BUNDLE_LOADER = "$(TEST_HOST)";
				CODE_SIGN_STYLE = Automatic;
				CURRENT_PROJECT_VERSION = 1;
				GENERATE_INFOPLIST_FILE = YES;
				MARKETING_VERSION = 0.1.0;
				PRODUCT_BUNDLE_IDENTIFIER = com.liuliming.BatteryGlassTests;
				PRODUCT_NAME = "$(TARGET_NAME)";
				SWIFT_STRICT_CONCURRENCY = complete;
				TEST_HOST = "$(BUILT_PRODUCTS_DIR)/BatteryGlass.app/Contents/MacOS/BatteryGlass";
			};
			name = Release;
		};
/* End XCBuildConfiguration section */

/* Begin XCConfigurationList section */
		H00000000000000000000001 /* Build configuration list for PBXProject "BatteryGlass" */ = {isa = XCConfigurationList; buildConfigurations = (G00000000000000000000001 /* Debug */, G00000000000000000000002 /* Release */, ); defaultConfigurationIsVisible = 0; defaultConfigurationName = Release; };
		H00000000000000000000100 /* Build configuration list for PBXNativeTarget "BatteryGlass" */ = {isa = XCConfigurationList; buildConfigurations = (G00000000000000000000101 /* Debug */, G00000000000000000000102 /* Release */, ); defaultConfigurationIsVisible = 0; defaultConfigurationName = Release; };
		H00000000000000000000200 /* Build configuration list for PBXNativeTarget "BatteryGlassWidget" */ = {isa = XCConfigurationList; buildConfigurations = (G00000000000000000000201 /* Debug */, G00000000000000000000202 /* Release */, ); defaultConfigurationIsVisible = 0; defaultConfigurationName = Release; };
		H00000000000000000000300 /* Build configuration list for PBXNativeTarget "BatteryGlassTests" */ = {isa = XCConfigurationList; buildConfigurations = (G00000000000000000000301 /* Debug */, G00000000000000000000302 /* Release */, ); defaultConfigurationIsVisible = 0; defaultConfigurationName = Release; };
/* End XCConfigurationList section */
	};
	rootObject = A00000000000000000000001 /* Project object */;
}
